
Microsoft Visual Studio Solution File, Format Version 12.00
# Visual Studio Version 17
VisualStudioVersion = 17.13.35931.197
MinimumVisualStudioVersion = 10.0.40219.1
Project("{FAE04EC0-301F-11D3-BF4B-00C04F79EFBC}") = "BidCalculatorLibrary", "BidCalculatorLibrary\BidCalculatorLibrary.csproj", "{13EB7396-0F0C-4A54-8CA1-55B461294EAA}"
EndProject
Project("{FAE04EC0-301F-11D3-BF4B-00C04F79EFBC}") = "BidCalculatorTest", "BidCalculatorTest\BidCalculatorTest.csproj", "{986292EE-1A08-47B8-90FA-7D3F37FD4CFC}"
EndProject
Project("{FAE04EC0-301F-11D3-BF4B-00C04F79EFBC}") = "BidCalculatorAPI", "BidCalculatorAPI\BidCalculatorAPI.csproj", "{F16DFEFC-8978-40EC-8044-00966A07C52E}"
EndProject
Project("{54A90642-561A-4BB1-A94E-469ADEE60C69}") = "bidcalculatorvuefrontend", "BidCalculatorVueFrontend\bidcalculatorvuefrontend.esproj", "{FDB331E3-6063-ABE5-A084-DBAC10335064}"
EndProject
Global
	GlobalSection(SolutionConfigurationPlatforms) = preSolution
		Debug|Any CPU = Debug|Any CPU
		Release|Any CPU = Release|Any CPU
	EndGlobalSection
	GlobalSection(ProjectConfigurationPlatforms) = postSolution
		{13EB7396-0F0C-4A54-8CA1-55B461294EAA}.Debug|Any CPU.ActiveCfg = Debug|Any CPU
		{13EB7396-0F0C-4A54-8CA1-55B461294EAA}.Debug|Any CPU.Build.0 = Debug|Any CPU
		{13EB7396-0F0C-4A54-8CA1-55B461294EAA}.Release|Any CPU.ActiveCfg = Release|Any CPU
		{13EB7396-0F0C-4A54-8CA1-55B461294EAA}.Release|Any CPU.Build.0 = Release|Any CPU
		{986292EE-1A08-47B8-90FA-7D3F37FD4CFC}.Debug|Any CPU.ActiveCfg = Debug|Any CPU
		{986292EE-1A08-47B8-90FA-7D3F37FD4CFC}.Debug|Any CPU.Build.0 = Debug|Any CPU
		{986292EE-1A08-47B8-90FA-7D3F37FD4CFC}.Release|Any CPU.ActiveCfg = Release|Any CPU
		{986292EE-1A08-47B8-90FA-7D3F37FD4CFC}.Release|Any CPU.Build.0 = Release|Any CPU
		{F16DFEFC-8978-40EC-8044-00966A07C52E}.Debug|Any CPU.ActiveCfg = Debug|Any CPU
		{F16DFEFC-8978-40EC-8044-00966A07C52E}.Debug|Any CPU.Build.0 = Debug|Any CPU
		{F16DFEFC-8978-40EC-8044-00966A07C52E}.Release|Any CPU.ActiveCfg = Release|Any CPU
		{F16DFEFC-8978-40EC-8044-00966A07C52E}.Release|Any CPU.Build.0 = Release|Any CPU
		{FDB331E3-6063-ABE5-A084-DBAC10335064}.Debug|Any CPU.ActiveCfg = Debug|Any CPU
		{FDB331E3-6063-ABE5-A084-DBAC10335064}.Debug|Any CPU.Build.0 = Debug|Any CPU
		{FDB331E3-6063-ABE5-A084-DBAC10335064}.Debug|Any CPU.Deploy.0 = Debug|Any CPU
		{FDB331E3-6063-ABE5-A084-DBAC10335064}.Release|Any CPU.ActiveCfg = Release|Any CPU
		{FDB331E3-6063-ABE5-A084-DBAC10335064}.Release|Any CPU.Build.0 = Release|Any CPU
		{FDB331E3-6063-ABE5-A084-DBAC10335064}.Release|Any CPU.Deploy.0 = Release|Any CPU
	EndGlobalSection
	GlobalSection(SolutionProperties) = preSolution
		HideSolutionNode = FALSE
	EndGlobalSection
	GlobalSection(ExtensibilityGlobals) = postSolution
		SolutionGuid = {022029DF-B6F7-47E9-9AAF-673B8052A20E}
	EndGlobalSection
EndGlobal
